# THIS IS AN AUTOGENERATED FILE. DO NOT EDIT THIS FILE DIRECTLY.
# yarn lockfile v1


stimulus-scroll-to@^4.0.0:
  version "4.0.0"
  resolved "https://registry.yarnpkg.com/stimulus-scroll-to/-/stimulus-scroll-to-4.0.0.tgz#433a726d37c76762d80b2e30a619bff116408608"
  integrity sha512-/2qWiC/F2D0l1+FnOL1spTH9H6g/P5e1j/N7Ei2sgZ2/621l+t1qLzrWfHhrHDdmKAq3HlFFxNY6YEMC1jpVRw==
